
Microsoft Visual Studio Solution File, Format Version 12.00
# Visual Studio Version 16
VisualStudioVersion = 16.0.31729.503
MinimumVisualStudioVersion = 10.0.40219.1
Project("{FAE04EC0-301F-11D3-BF4B-00C04F79EFBC}") = "TrueFalse.Android", "TrueFalse\TrueFalse.Android\TrueFalse.Android.csproj", "{8A2B94D2-3098-4A06-8F56-72EB5CB5C82A}"
EndProject
Project("{FAE04EC0-301F-11D3-BF4B-00C04F79EFBC}") = "TrueFalse.iOS", "TrueFalse\TrueFalse.iOS\TrueFalse.iOS.csproj", "{6B5F4FCE-085B-48DD-8DDB-757D8240D142}"
EndProject
Project("{FAE04EC0-301F-11D3-BF4B-00C04F79EFBC}") = "TrueFalse", "TrueFalse\TrueFalse\TrueFalse.csproj", "{D43C0D69-73DE-458E-A81F-1C9518F29EF1}"
EndProject
Global
	GlobalSection(SolutionConfigurationPlatforms) = preSolution
		Debug|Any CPU = Debug|Any CPU
		Debug|iPhone = Debug|iPhone
		Debug|iPhoneSimulator = Debug|iPhoneSimulator
		Release|Any CPU = Release|Any CPU
		Release|iPhone = Release|iPhone
		Release|iPhoneSimulator = Release|iPhoneSimulator
	EndGlobalSection
	GlobalSection(ProjectConfigurationPlatforms) = postSolution
		{8A2B94D2-3098-4A06-8F56-72EB5CB5C82A}.Debug|Any CPU.ActiveCfg = Debug|Any CPU
		{8A2B94D2-3098-4A06-8F56-72EB5CB5C82A}.Debug|Any CPU.Build.0 = Debug|Any CPU
		{8A2B94D2-3098-4A06-8F56-72EB5CB5C82A}.Debug|Any CPU.Deploy.0 = Debug|Any CPU
		{8A2B94D2-3098-4A06-8F56-72EB5CB5C82A}.Debug|iPhone.ActiveCfg = Debug|Any CPU
		{8A2B94D2-3098-4A06-8F56-72EB5CB5C82A}.Debug|iPhone.Build.0 = Debug|Any CPU
		{8A2B94D2-3098-4A06-8F56-72EB5CB5C82A}.Debug|iPhone.Deploy.0 = Debug|Any CPU
		{8A2B94D2-3098-4A06-8F56-72EB5CB5C82A}.Debug|iPhoneSimulator.ActiveCfg = Debug|Any CPU
		{8A2B94D2-3098-4A06-8F56-72EB5CB5C82A}.Debug|iPhoneSimulator.Build.0 = Debug|Any CPU
		{8A2B94D2-3098-4A06-8F56-72EB5CB5C82A}.Debug|iPhoneSimulator.Deploy.0 = Debug|Any CPU
		{8A2B94D2-3098-4A06-8F56-72EB5CB5C82A}.Release|Any CPU.ActiveCfg = Release|Any CPU
		{8A2B94D2-3098-4A06-8F56-72EB5CB5C82A}.Release|Any CPU.Build.0 = Release|Any CPU
		{8A2B94D2-3098-4A06-8F56-72EB5CB5C82A}.Release|Any CPU.Deploy.0 = Release|Any CPU
		{8A2B94D2-3098-4A06-8F56-72EB5CB5C82A}.Release|iPhone.ActiveCfg = Release|Any CPU
		{8A2B94D2-3098-4A06-8F56-72EB5CB5C82A}.Release|iPhone.Build.0 = Release|Any CPU
		{8A2B94D2-3098-4A06-8F56-72EB5CB5C82A}.Release|iPhone.Deploy.0 = Release|Any CPU
		{8A2B94D2-3098-4A06-8F56-72EB5CB5C82A}.Release|iPhoneSimulator.ActiveCfg = Release|Any CPU
		{8A2B94D2-3098-4A06-8F56-72EB5CB5C82A}.Release|iPhoneSimulator.Build.0 = Release|Any CPU
		{8A2B94D2-3098-4A06-8F56-72EB5CB5C82A}.Release|iPhoneSimulator.Deploy.0 = Release|Any CPU
		{6B5F4FCE-085B-48DD-8DDB-757D8240D142}.Debug|Any CPU.ActiveCfg = Debug|iPhone
		{6B5F4FCE-085B-48DD-8DDB-757D8240D142}.Debug|Any CPU.Build.0 = Debug|iPhone
		{6B5F4FCE-085B-48DD-8DDB-757D8240D142}.Debug|Any CPU.Deploy.0 = Debug|iPhone
		{6B5F4FCE-085B-48DD-8DDB-757D8240D142}.Debug|iPhone.ActiveCfg = Debug|iPhone
		{6B5F4FCE-085B-48DD-8DDB-757D8240D142}.Debug|iPhone.Build.0 = Debug|iPhone
		{6B5F4FCE-085B-48DD-8DDB-757D8240D142}.Debug|iPhone.Deploy.0 = Debug|iPhone
		{6B5F4FCE-085B-48DD-8DDB-757D8240D142}.Debug|iPhoneSimulator.ActiveCfg = Debug|iPhoneSimulator
		{6B5F4FCE-085B-48DD-8DDB-757D8240D142}.Debug|iPhoneSimulator.Build.0 = Debug|iPhoneSimulator
		{6B5F4FCE-085B-48DD-8DDB-757D8240D142}.Debug|iPhoneSimulator.Deploy.0 = Debug|iPhoneSimulator
		{6B5F4FCE-085B-48DD-8DDB-757D8240D142}.Release|Any CPU.ActiveCfg = Release|iPhoneSimulator
		{6B5F4FCE-085B-48DD-8DDB-757D8240D142}.Release|Any CPU.Build.0 = Release|iPhoneSimulator
		{6B5F4FCE-085B-48DD-8DDB-757D8240D142}.Release|Any CPU.Deploy.0 = Release|iPhoneSimulator
		{6B5F4FCE-085B-48DD-8DDB-757D8240D142}.Release|iPhone.ActiveCfg = Release|iPhone
		{6B5F4FCE-085B-48DD-8DDB-757D8240D142}.Release|iPhone.Build.0 = Release|iPhone
		{6B5F4FCE-085B-48DD-8DDB-757D8240D142}.Release|iPhone.Deploy.0 = Release|iPhone
		{6B5F4FCE-085B-48DD-8DDB-757D8240D142}.Release|iPhoneSimulator.ActiveCfg = Release|iPhoneSimulator
		{6B5F4FCE-085B-48DD-8DDB-757D8240D142}.Release|iPhoneSimulator.Build.0 = Release|iPhoneSimulator
		{6B5F4FCE-085B-48DD-8DDB-757D8240D142}.Release|iPhoneSimulator.Deploy.0 = Release|iPhoneSimulator
		{D43C0D69-73DE-458E-A81F-1C9518F29EF1}.Debug|Any CPU.ActiveCfg = Debug|Any CPU
		{D43C0D69-73DE-458E-A81F-1C9518F29EF1}.Debug|Any CPU.Build.0 = Debug|Any CPU
		{D43C0D69-73DE-458E-A81F-1C9518F29EF1}.Debug|Any CPU.Deploy.0 = Debug|Any CPU
		{D43C0D69-73DE-458E-A81F-1C9518F29EF1}.Debug|iPhone.ActiveCfg = Debug|Any CPU
		{D43C0D69-73DE-458E-A81F-1C9518F29EF1}.Debug|iPhone.Build.0 = Debug|Any CPU
		{D43C0D69-73DE-458E-A81F-1C9518F29EF1}.Debug|iPhone.Deploy.0 = Debug|Any CPU
		{D43C0D69-73DE-458E-A81F-1C9518F29EF1}.Debug|iPhoneSimulator.ActiveCfg = Debug|Any CPU
		{D43C0D69-73DE-458E-A81F-1C9518F29EF1}.Debug|iPhoneSimulator.Build.0 = Debug|Any CPU
		{D43C0D69-73DE-458E-A81F-1C9518F29EF1}.Debug|iPhoneSimulator.Deploy.0 = Debug|Any CPU
		{D43C0D69-73DE-458E-A81F-1C9518F29EF1}.Release|Any CPU.ActiveCfg = Release|Any CPU
		{D43C0D69-73DE-458E-A81F-1C9518F29EF1}.Release|Any CPU.Build.0 = Release|Any CPU
		{D43C0D69-73DE-458E-A81F-1C9518F29EF1}.Release|Any CPU.Deploy.0 = Release|Any CPU
		{D43C0D69-73DE-458E-A81F-1C9518F29EF1}.Release|iPhone.ActiveCfg = Release|Any CPU
		{D43C0D69-73DE-458E-A81F-1C9518F29EF1}.Release|iPhone.Build.0 = Release|Any CPU
		{D43C0D69-73DE-458E-A81F-1C9518F29EF1}.Release|iPhone.Deploy.0 = Release|Any CPU
		{D43C0D69-73DE-458E-A81F-1C9518F29EF1}.Release|iPhoneSimulator.ActiveCfg = Release|Any CPU
		{D43C0D69-73DE-458E-A81F-1C9518F29EF1}.Release|iPhoneSimulator.Build.0 = Release|Any CPU
		{D43C0D69-73DE-458E-A81F-1C9518F29EF1}.Release|iPhoneSimulator.Deploy.0 = Release|Any CPU
	EndGlobalSection
	GlobalSection(SolutionProperties) = preSolution
		HideSolutionNode = FALSE
	EndGlobalSection
	GlobalSection(ExtensibilityGlobals) = postSolution
		SolutionGuid = {830096E6-7477-43FE-AFF5-7B7FA9D6C6C5}
	EndGlobalSection
EndGlobal
